
Microsoft Visual Studio Solution File, Format Version 12.00
# Visual Studio Version 17
VisualStudioVersion = 17.3.32929.385
MinimumVisualStudioVersion = 10.0.40219.1
Project("{9A19103F-16F7-4668-BE54-9A1E7A4F7556}") = "BlazorApp1", "BlazorApp1\BlazorApp1.csproj", "{62C967B5-3CD1-437E-9B47-98669DFB034E}"
EndProject
Global
	GlobalSection(SolutionConfigurationPlatforms) = preSolution
		Debug|Any CPU = Debug|Any CPU
		Release|Any CPU = Release|Any CPU
	EndGlobalSection
	GlobalSection(ProjectConfigurationPlatforms) = postSolution
		{62C967B5-3CD1-437E-9B47-98669DFB034E}.Debug|Any CPU.ActiveCfg = Debug|Any CPU
		{62C967B5-3CD1-437E-9B47-98669DFB034E}.Debug|Any CPU.Build.0 = Debug|Any CPU
		{62C967B5-3CD1-437E-9B47-98669DFB034E}.Release|Any CPU.ActiveCfg = Release|Any CPU
		{62C967B5-3CD1-437E-9B47-98669DFB034E}.Release|Any CPU.Build.0 = Release|Any CPU
	EndGlobalSection
	GlobalSection(SolutionProperties) = preSolution
		HideSolutionNode = FALSE
	EndGlobalSection
	GlobalSection(ExtensibilityGlobals) = postSolution
		SolutionGuid = {ADF87824-EC2F-41F7-9BFC-9A5DA1291AA3}
	EndGlobalSection
EndGlobal
